
Microsoft Visual Studio Solution File, Format Version 12.00
Project("{FAE04EC0-301F-11D3-BF4B-00C04F79EFBC}") = "Logistic.DaysOfStayTracker.Domain", "Logistic.DaysOfStayTracker.Domain\Logistic.DaysOfStayTracker.Domain.csproj", "{C91D93F8-77F1-49E4-8C4C-B796B624F032}"
EndProject
Project("{FAE04EC0-301F-11D3-BF4B-00C04F79EFBC}") = "Logistic.DaysOfStayTracker.Blazor", "Logistic.DaysOfStayTracker.Blazor\Logistic.DaysOfStayTracker.Blazor.csproj", "{4731F05F-0761-4151-9FFE-1FF606BE4D96}"
EndProject
Project("{FAE04EC0-301F-11D3-BF4B-00C04F79EFBC}") = "Logistic.DaysOfStayTracker.Infrastructure", "Logistic.DaysOfStayTracker.Infrastructure\Logistic.DaysOfStayTracker.Infrastructure.csproj", "{FB2467BD-E9AE-45F1-A9DE-DFCD01C86927}"
EndProject
Project("{FAE04EC0-301F-11D3-BF4B-00C04F79EFBC}") = "Logistic.DaysOfStayTracker.DependencyInjection", "Logistic.DaysOfStayTracker.DependencyInjection\Logistic.DaysOfStayTracker.DependencyInjection.csproj", "{F1A4D242-A8EE-4F79-99B0-B28C0BB11EB2}"
EndProject
Project("{FAE04EC0-301F-11D3-BF4B-00C04F79EFBC}") = "Logistic.DaysOfStayTracker.Test", "Logistic.DaysOfStayTracker.Test\Logistic.DaysOfStayTracker.Test.csproj", "{121E2AF7-E295-4959-A30A-59CC6AE29C3B}"
EndProject
Global
	GlobalSection(SolutionConfigurationPlatforms) = preSolution
		Debug|Any CPU = Debug|Any CPU
		Release|Any CPU = Release|Any CPU
	EndGlobalSection
	GlobalSection(ProjectConfigurationPlatforms) = postSolution
		{C91D93F8-77F1-49E4-8C4C-B796B624F032}.Debug|Any CPU.ActiveCfg = Debug|Any CPU
		{C91D93F8-77F1-49E4-8C4C-B796B624F032}.Debug|Any CPU.Build.0 = Debug|Any CPU
		{C91D93F8-77F1-49E4-8C4C-B796B624F032}.Release|Any CPU.ActiveCfg = Release|Any CPU
		{C91D93F8-77F1-49E4-8C4C-B796B624F032}.Release|Any CPU.Build.0 = Release|Any CPU
		{4731F05F-0761-4151-9FFE-1FF606BE4D96}.Debug|Any CPU.ActiveCfg = Debug|Any CPU
		{4731F05F-0761-4151-9FFE-1FF606BE4D96}.Debug|Any CPU.Build.0 = Debug|Any CPU
		{4731F05F-0761-4151-9FFE-1FF606BE4D96}.Release|Any CPU.ActiveCfg = Release|Any CPU
		{4731F05F-0761-4151-9FFE-1FF606BE4D96}.Release|Any CPU.Build.0 = Release|Any CPU
		{FB2467BD-E9AE-45F1-A9DE-DFCD01C86927}.Debug|Any CPU.ActiveCfg = Debug|Any CPU
		{FB2467BD-E9AE-45F1-A9DE-DFCD01C86927}.Debug|Any CPU.Build.0 = Debug|Any CPU
		{FB2467BD-E9AE-45F1-A9DE-DFCD01C86927}.Release|Any CPU.ActiveCfg = Release|Any CPU
		{FB2467BD-E9AE-45F1-A9DE-DFCD01C86927}.Release|Any CPU.Build.0 = Release|Any CPU
		{F1A4D242-A8EE-4F79-99B0-B28C0BB11EB2}.Debug|Any CPU.ActiveCfg = Debug|Any CPU
		{F1A4D242-A8EE-4F79-99B0-B28C0BB11EB2}.Debug|Any CPU.Build.0 = Debug|Any CPU
		{F1A4D242-A8EE-4F79-99B0-B28C0BB11EB2}.Release|Any CPU.ActiveCfg = Release|Any CPU
		{F1A4D242-A8EE-4F79-99B0-B28C0BB11EB2}.Release|Any CPU.Build.0 = Release|Any CPU
		{121E2AF7-E295-4959-A30A-59CC6AE29C3B}.Debug|Any CPU.ActiveCfg = Debug|Any CPU
		{121E2AF7-E295-4959-A30A-59CC6AE29C3B}.Debug|Any CPU.Build.0 = Debug|Any CPU
		{121E2AF7-E295-4959-A30A-59CC6AE29C3B}.Release|Any CPU.ActiveCfg = Release|Any CPU
		{121E2AF7-E295-4959-A30A-59CC6AE29C3B}.Release|Any CPU.Build.0 = Release|Any CPU
	EndGlobalSection
EndGlobal
